
Microsoft Visual Studio Solution File, Format Version 11.00
# Visual Studio 2010
Project("{FAE04EC0-301F-11D3-BF4B-00C04F79EFBC}") = "Assembly-CSharp", "Assembly-CSharp.csproj", "{7FD13ACE-B760-322A-C787-DCC29F49598E}"
EndProject
Global
	GlobalSection(SolutionConfigurationPlatforms) = preSolution
		Debug|Any CPU = Debug|Any CPU
		Release|Any CPU = Release|Any CPU
	EndGlobalSection
	GlobalSection(ProjectConfigurationPlatforms) = postSolution
		{7FD13ACE-B760-322A-C787-DCC29F49598E}.Debug|Any CPU.ActiveCfg = Debug|Any CPU
		{7FD13ACE-B760-322A-C787-DCC29F49598E}.Debug|Any CPU.Build.0 = Debug|Any CPU
		{7FD13ACE-B760-322A-C787-DCC29F49598E}.Release|Any CPU.ActiveCfg = Release|Any CPU
		{7FD13ACE-B760-322A-C787-DCC29F49598E}.Release|Any CPU.Build.0 = Release|Any CPU
	EndGlobalSection
	GlobalSection(SolutionProperties) = preSolution
		HideSolutionNode = FALSE
	EndGlobalSection
EndGlobal
